// !$*UTF8*$!
{
	archiveVersion = 1;
	classes = {
	};
	objectVersion = 55;
	objects = {

/* Begin PBXBuildFile section */
		06D9D52828E9EE3400C4CE7F /* AppDelegate.swift in Sources */ = {isa = PBXBuildFile; fileRef = 06D9D52728E9EE3400C4CE7F /* AppDelegate.swift */; };
		06D9D52A28E9EE3400C4CE7F /* SceneDelegate.swift in Sources */ = {isa = PBXBuildFile; fileRef = 06D9D52928E9EE3400C4CE7F /* SceneDelegate.swift */; };
		06D9D52C28E9EE3400C4CE7F /* ViewController.swift in Sources */ = {isa = PBXBuildFile; fileRef = 06D9D52B28E9EE3400C4CE7F /* ViewController.swift */; };
		06D9D52F28E9EE3400C4CE7F /* Main.storyboard in Resources */ = {isa = PBXBuildFile; fileRef = 06D9D52D28E9EE3400C4CE7F /* Main.storyboard */; };
		06D9D53128E9EE3600C4CE7F /* Assets.xcassets in Resources */ = {isa = PBXBuildFile; fileRef = 06D9D53028E9EE3600C4CE7F /* Assets.xcassets */; };
		06D9D53428E9EE3600C4CE7F /* LaunchScreen.storyboard in Resources */ = {isa = PBXBuildFile; fileRef = 06D9D53228E9EE3600C4CE7F /* LaunchScreen.storyboard */; };
		06D9D53C28E9F26900C4CE7F /* render.swift in Sources */ = {isa = PBXBuildFile; fileRef = 06D9D53B28E9F26900C4CE7F /* render.swift */; };
		06D9D53E28E9FB8E00C4CE7F /* Shader.metal in Sources */ = {isa = PBXBuildFile; fileRef = 06D9D53D28E9FB8E00C4CE7F /* Shader.metal */; };
		06D9D54028EA14C600C4CE7F /* Node.swift in Sources */ = {isa = PBXBuildFile; fileRef = 06D9D53F28EA14C600C4CE7F /* Node.swift */; };
		06D9D54228EA154700C4CE7F /* Plane.swift in Sources */ = {isa = PBXBuildFile; fileRef = 06D9D54128EA154700C4CE7F /* Plane.swift */; };
		06D9D54428EA16C000C4CE7F /* Scene.swift in Sources */ = {isa = PBXBuildFile; fileRef = 06D9D54328EA16C000C4CE7F /* Scene.swift */; };
		06D9D54628EA171300C4CE7F /* GameScene.swift in Sources */ = {isa = PBXBuildFile; fileRef = 06D9D54528EA171300C4CE7F /* GameScene.swift */; };
		06D9D54A28EA242C00C4CE7F /* Types.swift in Sources */ = {isa = PBXBuildFile; fileRef = 06D9D54928EA242C00C4CE7F /* Types.swift */; };
		06D9D54C28EA2AF400C4CE7F /* Renderable.swift in Sources */ = {isa = PBXBuildFile; fileRef = 06D9D54B28EA2AF400C4CE7F /* Renderable.swift */; };
		06D9D54F28EA35F700C4CE7F /* apple.jpeg in Resources */ = {isa = PBXBuildFile; fileRef = 06D9D54E28EA35F700C4CE7F /* apple.jpeg */; };
		06D9D55128EA363D00C4CE7F /* Texturable.swift in Sources */ = {isa = PBXBuildFile; fileRef = 06D9D55028EA363D00C4CE7F /* Texturable.swift */; };
		06D9D55428EA422B00C4CE7F /* picture-frame-mask.png in Resources */ = {isa = PBXBuildFile; fileRef = 06D9D55228EA422B00C4CE7F /* picture-frame-mask.png */; };
		06D9D55528EA422B00C4CE7F /* picture-frame.png in Resources */ = {isa = PBXBuildFile; fileRef = 06D9D55328EA422B00C4CE7F /* picture-frame.png */; };
		06D9D55728EB457000C4CE7F /* MatrixMath.swift in Sources */ = {isa = PBXBuildFile; fileRef = 06D9D55628EB457000C4CE7F /* MatrixMath.swift */; };
/* End PBXBuildFile section */

/* Begin PBXFileReference section */
		06D9D52428E9EE3400C4CE7F /* metalDemo.app */ = {isa = PBXFileReference; explicitFileType = wrapper.application; includeInIndex = 0; path = metalDemo.app; sourceTree = BUILT_PRODUCTS_DIR; };
		06D9D52728E9EE3400C4CE7F /* AppDelegate.swift */ = {isa = PBXFileReference; lastKnownFileType = sourcecode.swift; path = AppDelegate.swift; sourceTree = "<group>"; };
		06D9D52928E9EE3400C4CE7F /* SceneDelegate.swift */ = {isa = PBXFileReference; lastKnownFileType = sourcecode.swift; path = SceneDelegate.swift; sourceTree = "<group>"; };
		06D9D52B28E9EE3400C4CE7F /* ViewController.swift */ = {isa = PBXFileReference; lastKnownFileType = sourcecode.swift; path = ViewController.swift; sourceTree = "<group>"; };
		06D9D52E28E9EE3400C4CE7F /* Base */ = {isa = PBXFileReference; lastKnownFileType = file.storyboard; name = Base; path = Base.lproj/Main.storyboard; sourceTree = "<group>"; };
		06D9D53028E9EE3600C4CE7F /* Assets.xcassets */ = {isa = PBXFileReference; lastKnownFileType = folder.assetcatalog; path = Assets.xcassets; sourceTree = "<group>"; };
		06D9D53328E9EE3600C4CE7F /* Base */ = {isa = PBXFileReference; lastKnownFileType = file.storyboard; name = Base; path = Base.lproj/LaunchScreen.storyboard; sourceTree = "<group>"; };
		06D9D53528E9EE3600C4CE7F /* Info.plist */ = {isa = PBXFileReference; lastKnownFileType = text.plist.xml; path = Info.plist; sourceTree = "<group>"; };
		06D9D53B28E9F26900C4CE7F /* render.swift */ = {isa = PBXFileReference; lastKnownFileType = sourcecode.swift; path = render.swift; sourceTree = "<group>"; };
		06D9D53D28E9FB8E00C4CE7F /* Shader.metal */ = {isa = PBXFileReference; lastKnownFileType = sourcecode.metal; path = Shader.metal; sourceTree = "<group>"; };
		06D9D53F28EA14C600C4CE7F /* Node.swift */ = {isa = PBXFileReference; lastKnownFileType = sourcecode.swift; path = Node.swift; sourceTree = "<group>"; };
		06D9D54128EA154700C4CE7F /* Plane.swift */ = {isa = PBXFileReference; lastKnownFileType = sourcecode.swift; path = Plane.swift; sourceTree = "<group>"; };
		06D9D54328EA16C000C4CE7F /* Scene.swift */ = {isa = PBXFileReference; lastKnownFileType = sourcecode.swift; path = Scene.swift; sourceTree = "<group>"; };
		06D9D54528EA171300C4CE7F /* GameScene.swift */ = {isa = PBXFileReference; lastKnownFileType = sourcecode.swift; path = GameScene.swift; sourceTree = "<group>"; };
		06D9D54928EA242C00C4CE7F /* Types.swift */ = {isa = PBXFileReference; lastKnownFileType = sourcecode.swift; path = Types.swift; sourceTree = "<group>"; };
		06D9D54B28EA2AF400C4CE7F /* Renderable.swift */ = {isa = PBXFileReference; lastKnownFileType = sourcecode.swift; path = Renderable.swift; sourceTree = "<group>"; };
		06D9D54E28EA35F700C4CE7F /* apple.jpeg */ = {isa = PBXFileReference; lastKnownFileType = image.jpeg; path = apple.jpeg; sourceTree = "<group>"; };
		06D9D55028EA363D00C4CE7F /* Texturable.swift */ = {isa = PBXFileReference; lastKnownFileType = sourcecode.swift; path = Texturable.swift; sourceTree = "<group>"; };
		06D9D55228EA422B00C4CE7F /* picture-frame-mask.png */ = {isa = PBXFileReference; lastKnownFileType = image.png; path = "picture-frame-mask.png"; sourceTree = "<group>"; };
		06D9D55328EA422B00C4CE7F /* picture-frame.png */ = {isa = PBXFileReference; lastKnownFileType = image.png; path = "picture-frame.png"; sourceTree = "<group>"; };
		06D9D55628EB457000C4CE7F /* MatrixMath.swift */ = {isa = PBXFileReference; fileEncoding = 4; lastKnownFileType = sourcecode.swift; path = MatrixMath.swift; sourceTree = "<group>"; };
/* End PBXFileReference section */

/* Begin PBXFrameworksBuildPhase section */
		06D9D52128E9EE3400C4CE7F /* Frameworks */ = {
			isa = PBXFrameworksBuildPhase;
			buildActionMask = 2147483647;
			files = (
			);
			runOnlyForDeploymentPostprocessing = 0;
		};
/* End PBXFrameworksBuildPhase section */

/* Begin PBXGroup section */
		06D9D51B28E9EE3400C4CE7F = {
			isa = PBXGroup;
			children = (
				06D9D52628E9EE3400C4CE7F /* metalDemo */,
				06D9D52528E9EE3400C4CE7F /* Products */,
			);
			sourceTree = "<group>";
		};
		06D9D52528E9EE3400C4CE7F /* Products */ = {
			isa = PBXGroup;
			children = (
				06D9D52428E9EE3400C4CE7F /* metalDemo.app */,
			);
			name = Products;
			sourceTree = "<group>";
		};
		06D9D52628E9EE3400C4CE7F /* metalDemo */ = {
			isa = PBXGroup;
			children = (
				06D9D54D28EA35DC00C4CE7F /* Image */,
				06D9D54928EA242C00C4CE7F /* Types.swift */,
				06D9D53B28E9F26900C4CE7F /* render.swift */,
				06D9D54828EA176900C4CE7F /* Node */,
				06D9D54728EA176300C4CE7F /* Scene */,
				06D9D52B28E9EE3400C4CE7F /* ViewController.swift */,
				06D9D55628EB457000C4CE7F /* MatrixMath.swift */,
				06D9D52728E9EE3400C4CE7F /* AppDelegate.swift */,
				06D9D52928E9EE3400C4CE7F /* SceneDelegate.swift */,
				06D9D52D28E9EE3400C4CE7F /* Main.storyboard */,
				06D9D53028E9EE3600C4CE7F /* Assets.xcassets */,
				06D9D53228E9EE3600C4CE7F /* LaunchScreen.storyboard */,
				06D9D53528E9EE3600C4CE7F /* Info.plist */,
				06D9D53D28E9FB8E00C4CE7F /* Shader.metal */,
			);
			path = metalDemo;
			sourceTree = "<group>";
		};
		06D9D54728EA176300C4CE7F /* Scene */ = {
			isa = PBXGroup;
			children = (
				06D9D54528EA171300C4CE7F /* GameScene.swift */,
				06D9D54328EA16C000C4CE7F /* Scene.swift */,
			);
			path = Scene;
			sourceTree = "<group>";
		};
		06D9D54828EA176900C4CE7F /* Node */ = {
			isa = PBXGroup;
			children = (
				06D9D54B28EA2AF400C4CE7F /* Renderable.swift */,
				06D9D55028EA363D00C4CE7F /* Texturable.swift */,
				06D9D53F28EA14C600C4CE7F /* Node.swift */,
				06D9D54128EA154700C4CE7F /* Plane.swift */,
			);
			path = Node;
			sourceTree = "<group>";
		};
		06D9D54D28EA35DC00C4CE7F /* Image */ = {
			isa = PBXGroup;
			children = (
				06D9D55228EA422B00C4CE7F /* picture-frame-mask.png */,
				06D9D55328EA422B00C4CE7F /* picture-frame.png */,
				06D9D54E28EA35F700C4CE7F /* apple.jpeg */,
			);
			path = Image;
			sourceTree = "<group>";
		};
/* End PBXGroup section */

/* Begin PBXNativeTarget section */
		06D9D52328E9EE3400C4CE7F /* metalDemo */ = {
			isa = PBXNativeTarget;
			buildConfigurationList = 06D9D53828E9EE3600C4CE7F /* Build configuration list for PBXNativeTarget "metalDemo" */;
			buildPhases = (
				06D9D52028E9EE3400C4CE7F /* Sources */,
				06D9D52128E9EE3400C4CE7F /* Frameworks */,
				06D9D52228E9EE3400C4CE7F /* Resources */,
			);
			buildRules = (
			);
			dependencies = (
			);
			name = metalDemo;
			productName = metalDemo;
			productReference = 06D9D52428E9EE3400C4CE7F /* metalDemo.app */;
			productType = "com.apple.product-type.application";
		};
/* End PBXNativeTarget section */

/* Begin PBXProject section */
		06D9D51C28E9EE3400C4CE7F /* Project object */ = {
			isa = PBXProject;
			attributes = {
				BuildIndependentTargetsInParallel = 1;
				LastSwiftUpdateCheck = 1310;
				LastUpgradeCheck = 1310;
				TargetAttributes = {
					06D9D52328E9EE3400C4CE7F = {
						CreatedOnToolsVersion = 13.1;
					};
				};
			};
			buildConfigurationList = 06D9D51F28E9EE3400C4CE7F /* Build configuration list for PBXProject "metalDemo" */;
			compatibilityVersion = "Xcode 13.0";
			developmentRegion = en;
			hasScannedForEncodings = 0;
			knownRegions = (
				en,
				Base,
			);
			mainGroup = 06D9D51B28E9EE3400C4CE7F;
			productRefGroup = 06D9D52528E9EE3400C4CE7F /* Products */;
			projectDirPath = "";
			projectRoot = "";
			targets = (
				06D9D52328E9EE3400C4CE7F /* metalDemo */,
			);
		};
/* End PBXProject section */

/* Begin PBXResourcesBuildPhase section */
		06D9D52228E9EE3400C4CE7F /* Resources */ = {
			isa = PBXResourcesBuildPhase;
			buildActionMask = 2147483647;
			files = (
				06D9D54F28EA35F700C4CE7F /* apple.jpeg in Resources */,
				06D9D53428E9EE3600C4CE7F /* LaunchScreen.storyboard in Resources */,
				06D9D55528EA422B00C4CE7F /* picture-frame.png in Resources */,
				06D9D53128E9EE3600C4CE7F /* Assets.xcassets in Resources */,
				06D9D52F28E9EE3400C4CE7F /* Main.storyboard in Resources */,
				06D9D55428EA422B00C4CE7F /* picture-frame-mask.png in Resources */,
			);
			runOnlyForDeploymentPostprocessing = 0;
		};
/* End PBXResourcesBuildPhase section */

/* Begin PBXSourcesBuildPhase section */
		06D9D52028E9EE3400C4CE7F /* Sources */ = {
			isa = PBXSourcesBuildPhase;
			buildActionMask = 2147483647;
			files = (
				06D9D52C28E9EE3400C4CE7F /* ViewController.swift in Sources */,
				06D9D52828E9EE3400C4CE7F /* AppDelegate.swift in Sources */,
				06D9D52A28E9EE3400C4CE7F /* SceneDelegate.swift in Sources */,
				06D9D54A28EA242C00C4CE7F /* Types.swift in Sources */,
				06D9D54628EA171300C4CE7F /* GameScene.swift in Sources */,
				06D9D54C28EA2AF400C4CE7F /* Renderable.swift in Sources */,
				06D9D54028EA14C600C4CE7F /* Node.swift in Sources */,
				06D9D55128EA363D00C4CE7F /* Texturable.swift in Sources */,
				06D9D54428EA16C000C4CE7F /* Scene.swift in Sources */,
				06D9D53E28E9FB8E00C4CE7F /* Shader.metal in Sources */,
				06D9D53C28E9F26900C4CE7F /* render.swift in Sources */,
				06D9D54228EA154700C4CE7F /* Plane.swift in Sources */,
				06D9D55728EB457000C4CE7F /* MatrixMath.swift in Sources */,
			);
			runOnlyForDeploymentPostprocessing = 0;
		};
/* End PBXSourcesBuildPhase section */

/* Begin PBXVariantGroup section */
		06D9D52D28E9EE3400C4CE7F /* Main.storyboard */ = {
			isa = PBXVariantGroup;
			children = (
				06D9D52E28E9EE3400C4CE7F /* Base */,
			);
			name = Main.storyboard;
			sourceTree = "<group>";
		};
		06D9D53228E9EE3600C4CE7F /* LaunchScreen.storyboard */ = {
			isa = PBXVariantGroup;
			children = (
				06D9D53328E9EE3600C4CE7F /* Base */,
			);
			name = LaunchScreen.storyboard;
			sourceTree = "<group>";
		};
/* End PBXVariantGroup section */

/* Begin XCBuildConfiguration section */
		06D9D53628E9EE3600C4CE7F /* Debug */ = {
			isa = XCBuildConfiguration;
			buildSettings = {
				ALWAYS_SEARCH_USER_PATHS = NO;
				CLANG_ANALYZER_NONNULL = YES;
				CLANG_ANALYZER_NUMBER_OBJECT_CONVERSION = YES_AGGRESSIVE;
				CLANG_CXX_LANGUAGE_STANDARD = "gnu++17";
				CLANG_CXX_LIBRARY = "libc++";
				CLANG_ENABLE_MODULES = YES;
				CLANG_ENABLE_OBJC_ARC = YES;
				CLANG_ENABLE_OBJC_WEAK = YES;
				CLANG_WARN_BLOCK_CAPTURE_AUTORELEASING = YES;
				CLANG_WARN_BOOL_CONVERSION = YES;
				CLANG_WARN_COMMA = YES;
				CLANG_WARN_CONSTANT_CONVERSION = YES;
				CLANG_WARN_DEPRECATED_OBJC_IMPLEMENTATIONS = YES;
				CLANG_WARN_DIRECT_OBJC_ISA_USAGE = YES_ERROR;
				CLANG_WARN_DOCUMENTATION_COMMENTS = YES;
				CLANG_WARN_EMPTY_BODY = YES;
				CLANG_WARN_ENUM_CONVERSION = YES;
				CLANG_WARN_INFINITE_RECURSION = YES;
				CLANG_WARN_INT_CONVERSION = YES;
				CLANG_WARN_NON_LITERAL_NULL_CONVERSION = YES;
				CLANG_WARN_OBJC_IMPLICIT_RETAIN_SELF = YES;
				CLANG_WARN_OBJC_LITERAL_CONVERSION = YES;
				CLANG_WARN_OBJC_ROOT_CLASS = YES_ERROR;
				CLANG_WARN_QUOTED_INCLUDE_IN_FRAMEWORK_HEADER = YES;
				CLANG_WARN_RANGE_LOOP_ANALYSIS = YES;
				CLANG_WARN_STRICT_PROTOTYPES = YES;
				CLANG_WARN_SUSPICIOUS_MOVE = YES;
				CLANG_WARN_UNGUARDED_AVAILABILITY = YES_AGGRESSIVE;
				CLANG_WARN_UNREACHABLE_CODE = YES;
				CLANG_WARN__DUPLICATE_METHOD_MATCH = YES;
				COPY_PHASE_STRIP = NO;
				DEBUG_INFORMATION_FORMAT = dwarf;
				ENABLE_STRICT_OBJC_MSGSEND = YES;
				ENABLE_TESTABILITY = YES;
				GCC_C_LANGUAGE_STANDARD = gnu11;
				GCC_DYNAMIC_NO_PIC = NO;
				GCC_NO_COMMON_BLOCKS = YES;
				GCC_OPTIMIZATION_LEVEL = 0;
				GCC_PREPROCESSOR_DEFINITIONS = (
					"DEBUG=1",
					"$(inherited)",
				);
				GCC_WARN_64_TO_32_BIT_CONVERSION = YES;
				GCC_WARN_ABOUT_RETURN_TYPE = YES_ERROR;
				GCC_WARN_UNDECLARED_SELECTOR = YES;
				GCC_WARN_UNINITIALIZED_AUTOS = YES_AGGRESSIVE;
				GCC_WARN_UNUSED_FUNCTION = YES;
				GCC_WARN_UNUSED_VARIABLE = YES;
				IPHONEOS_DEPLOYMENT_TARGET = 15.0;
				MTL_ENABLE_DEBUG_INFO = INCLUDE_SOURCE;
				MTL_FAST_MATH = YES;
				ONLY_ACTIVE_ARCH = YES;
				SDKROOT = iphoneos;
				SWIFT_ACTIVE_COMPILATION_CONDITIONS = DEBUG;
				SWIFT_OPTIMIZATION_LEVEL = "-Onone";
			};
			name = Debug;
		};
		06D9D53728E9EE3600C4CE7F /* Release */ = {
			isa = XCBuildConfiguration;
			buildSettings = {
				ALWAYS_SEARCH_USER_PATHS = NO;
				CLANG_ANALYZER_NONNULL = YES;
				CLANG_ANALYZER_NUMBER_OBJECT_CONVERSION = YES_AGGRESSIVE;
				CLANG_CXX_LANGUAGE_STANDARD = "gnu++17";
				CLANG_CXX_LIBRARY = "libc++";
				CLANG_ENABLE_MODULES = YES;
				CLANG_ENABLE_OBJC_ARC = YES;
				CLANG_ENABLE_OBJC_WEAK = YES;
				CLANG_WARN_BLOCK_CAPTURE_AUTORELEASING = YES;
				CLANG_WARN_BOOL_CONVERSION = YES;
				CLANG_WARN_COMMA = YES;
				CLANG_WARN_CONSTANT_CONVERSION = YES;
				CLANG_WARN_DEPRECATED_OBJC_IMPLEMENTATIONS = YES;
				CLANG_WARN_DIRECT_OBJC_ISA_USAGE = YES_ERROR;
				CLANG_WARN_DOCUMENTATION_COMMENTS = YES;
				CLANG_WARN_EMPTY_BODY = YES;
				CLANG_WARN_ENUM_CONVERSION = YES;
				CLANG_WARN_INFINITE_RECURSION = YES;
				CLANG_WARN_INT_CONVERSION = YES;
				CLANG_WARN_NON_LITERAL_NULL_CONVERSION = YES;
				CLANG_WARN_OBJC_IMPLICIT_RETAIN_SELF = YES;
				CLANG_WARN_OBJC_LITERAL_CONVERSION = YES;
				CLANG_WARN_OBJC_ROOT_CLASS = YES_ERROR;
				CLANG_WARN_QUOTED_INCLUDE_IN_FRAMEWORK_HEADER = YES;
				CLANG_WARN_RANGE_LOOP_ANALYSIS = YES;
				CLANG_WARN_STRICT_PROTOTYPES = YES;
				CLANG_WARN_SUSPICIOUS_MOVE = YES;
				CLANG_WARN_UNGUARDED_AVAILABILITY = YES_AGGRESSIVE;
				CLANG_WARN_UNREACHABLE_CODE = YES;
				CLANG_WARN__DUPLICATE_METHOD_MATCH = YES;
				COPY_PHASE_STRIP = NO;
				DEBUG_INFORMATION_FORMAT = "dwarf-with-dsym";
				ENABLE_NS_ASSERTIONS = NO;
				ENABLE_STRICT_OBJC_MSGSEND = YES;
				GCC_C_LANGUAGE_STANDARD = gnu11;
				GCC_NO_COMMON_BLOCKS = YES;
				GCC_WARN_64_TO_32_BIT_CONVERSION = YES;
				GCC_WARN_ABOUT_RETURN_TYPE = YES_ERROR;
				GCC_WARN_UNDECLARED_SELECTOR = YES;
				GCC_WARN_UNINITIALIZED_AUTOS = YES_AGGRESSIVE;
				GCC_WARN_UNUSED_FUNCTION = YES;
				GCC_WARN_UNUSED_VARIABLE = YES;
				IPHONEOS_DEPLOYMENT_TARGET = 15.0;
				MTL_ENABLE_DEBUG_INFO = NO;
				MTL_FAST_MATH = YES;
				SDKROOT = iphoneos;
				SWIFT_COMPILATION_MODE = wholemodule;
				SWIFT_OPTIMIZATION_LEVEL = "-O";
				VALIDATE_PRODUCT = YES;
			};
			name = Release;
		};
		06D9D53928E9EE3600C4CE7F /* Debug */ = {
			isa = XCBuildConfiguration;
			buildSettings = {
				ASSETCATALOG_COMPILER_APPICON_NAME = AppIcon;
				ASSETCATALOG_COMPILER_GLOBAL_ACCENT_COLOR_NAME = AccentColor;
				CODE_SIGN_STYLE = Automatic;
				CURRENT_PROJECT_VERSION = 1;
				DEVELOPMENT_TEAM = K26V372XFJ;
				GENERATE_INFOPLIST_FILE = YES;
				INFOPLIST_FILE = metalDemo/Info.plist;
				INFOPLIST_KEY_UIApplicationSupportsIndirectInputEvents = YES;
				INFOPLIST_KEY_UILaunchStoryboardName = LaunchScreen;
				INFOPLIST_KEY_UIMainStoryboardFile = Main;
				INFOPLIST_KEY_UISupportedInterfaceOrientations_iPad = "UIInterfaceOrientationPortrait UIInterfaceOrientationPortraitUpsideDown UIInterfaceOrientationLandscapeLeft UIInterfaceOrientationLandscapeRight";
				INFOPLIST_KEY_UISupportedInterfaceOrientations_iPhone = "UIInterfaceOrientationPortrait UIInterfaceOrientationLandscapeLeft UIInterfaceOrientationLandscapeRight";
				LD_RUNPATH_SEARCH_PATHS = (
					"$(inherited)",
					"@executable_path/Frameworks",
				);
				MARKETING_VERSION = 1.0;
				PRODUCT_BUNDLE_IDENTIFIER = Qi.metalDemo;
				PRODUCT_NAME = "$(TARGET_NAME)";
				SWIFT_EMIT_LOC_STRINGS = YES;
				SWIFT_VERSION = 5.0;
				TARGETED_DEVICE_FAMILY = "1,2";
			};
			name = Debug;
		};
		06D9D53A28E9EE3600C4CE7F /* Release */ = {
			isa = XCBuildConfiguration;
			buildSettings = {
				ASSETCATALOG_COMPILER_APPICON_NAME = AppIcon;
				ASSETCATALOG_COMPILER_GLOBAL_ACCENT_COLOR_NAME = AccentColor;
				CODE_SIGN_STYLE = Automatic;
				CURRENT_PROJECT_VERSION = 1;
				DEVELOPMENT_TEAM = K26V372XFJ;
				GENERATE_INFOPLIST_FILE = YES;
				INFOPLIST_FILE = metalDemo/Info.plist;
				INFOPLIST_KEY_UIApplicationSupportsIndirectInputEvents = YES;
				INFOPLIST_KEY_UILaunchStoryboardName = LaunchScreen;
				INFOPLIST_KEY_UIMainStoryboardFile = Main;
				INFOPLIST_KEY_UISupportedInterfaceOrientations_iPad = "UIInterfaceOrientationPortrait UIInterfaceOrientationPortraitUpsideDown UIInterfaceOrientationLandscapeLeft UIInterfaceOrientationLandscapeRight";
				INFOPLIST_KEY_UISupportedInterfaceOrientations_iPhone = "UIInterfaceOrientationPortrait UIInterfaceOrientationLandscapeLeft UIInterfaceOrientationLandscapeRight";
				LD_RUNPATH_SEARCH_PATHS = (
					"$(inherited)",
					"@executable_path/Frameworks",
				);
				MARKETING_VERSION = 1.0;
				PRODUCT_BUNDLE_IDENTIFIER = Qi.metalDemo;
				PRODUCT_NAME = "$(TARGET_NAME)";
				SWIFT_EMIT_LOC_STRINGS = YES;
				SWIFT_VERSION = 5.0;
				TARGETED_DEVICE_FAMILY = "1,2";
			};
			name = Release;
		};
/* End XCBuildConfiguration section */

/* Begin XCConfigurationList section */
		06D9D51F28E9EE3400C4CE7F /* Build configuration list for PBXProject "metalDemo" */ = {
			isa = XCConfigurationList;
			buildConfigurations = (
				06D9D53628E9EE3600C4CE7F /* Debug */,
				06D9D53728E9EE3600C4CE7F /* Release */,
			);
			defaultConfigurationIsVisible = 0;
			defaultConfigurationName = Release;
		};
		06D9D53828E9EE3600C4CE7F /* Build configuration list for PBXNativeTarget "metalDemo" */ = {
			isa = XCConfigurationList;
			buildConfigurations = (
				06D9D53928E9EE3600C4CE7F /* Debug */,
				06D9D53A28E9EE3600C4CE7F /* Release */,
			);
			defaultConfigurationIsVisible = 0;
			defaultConfigurationName = Release;
		};
/* End XCConfigurationList section */
	};
	rootObject = 06D9D51C28E9EE3400C4CE7F /* Project object */;
}
